// !$*UTF8*$!
{
	archiveVersion = 1;
	classes = {
	};
	objectVersion = 46;
	objects = {

/* Begin PBXBuildFile section */
		1E2DB6F81DEFC64D0009137F /* main.m in Sources */ = {isa = PBXBuildFile; fileRef = 1E2DB6F71DEFC64D0009137F /* main.m */; };
		1E2DB6FB1DEFC64D0009137F /* AppDelegate.m in Sources */ = {isa = PBXBuildFile; fileRef = 1E2DB6FA1DEFC64D0009137F /* AppDelegate.m */; };
		1E2DB6FE1DEFC64D0009137F /* ViewController.m in Sources */ = {isa = PBXBuildFile; fileRef = 1E2DB6FD1DEFC64D0009137F /* ViewController.m */; };
		1E2DB7011DEFC64D0009137F /* Main.storyboard in Resources */ = {isa = PBXBuildFile; fileRef = 1E2DB6FF1DEFC64D0009137F /* Main.storyboard */; };
		1E2DB7031DEFC64D0009137F /* Assets.xcassets in Resources */ = {isa = PBXBuildFile; fileRef = 1E2DB7021DEFC64D0009137F /* Assets.xcassets */; };
		1E2DB7061DEFC64D0009137F /* LaunchScreen.storyboard in Resources */ = {isa = PBXBuildFile; fileRef = 1E2DB7041DEFC64D0009137F /* LaunchScreen.storyboard */; };
		1E2DB70F1DEFE7B90009137F /* SZWebViewController.m in Sources */ = {isa = PBXBuildFile; fileRef = 1E2DB70E1DEFE7B90009137F /* SZWebViewController.m */; };
		1EB103831E825DE300FC65B3 /* TestViewController.m in Sources */ = {isa = PBXBuildFile; fileRef = 1EB103821E825DE300FC65B3 /* TestViewController.m */; };
		1EB103851E82615900FC65B3 /* test.html in Resources */ = {isa = PBXBuildFile; fileRef = 1EB103841E82615900FC65B3 /* test.html */; };
		1EB15B5F1E84B6DE00A98FD6 /* jquery-3.2.0.min.js in Resources */ = {isa = PBXBuildFile; fileRef = 1EB15B5E1E84B6DE00A98FD6 /* jquery-3.2.0.min.js */; };
/* End PBXBuildFile section */

/* Begin PBXFileReference section */
		1E2DB6F31DEFC64D0009137F /* SZWebViewController.app */ = {isa = PBXFileReference; explicitFileType = wrapper.application; includeInIndex = 0; path = SZWebViewController.app; sourceTree = BUILT_PRODUCTS_DIR; };
		1E2DB6F71DEFC64D0009137F /* main.m */ = {isa = PBXFileReference; lastKnownFileType = sourcecode.c.objc; path = main.m; sourceTree = "<group>"; };
		1E2DB6F91DEFC64D0009137F /* AppDelegate.h */ = {isa = PBXFileReference; lastKnownFileType = sourcecode.c.h; path = AppDelegate.h; sourceTree = "<group>"; };
		1E2DB6FA1DEFC64D0009137F /* AppDelegate.m */ = {isa = PBXFileReference; lastKnownFileType = sourcecode.c.objc; path = AppDelegate.m; sourceTree = "<group>"; };
		1E2DB6FC1DEFC64D0009137F /* ViewController.h */ = {isa = PBXFileReference; lastKnownFileType = sourcecode.c.h; path = ViewController.h; sourceTree = "<group>"; };
		1E2DB6FD1DEFC64D0009137F /* ViewController.m */ = {isa = PBXFileReference; lastKnownFileType = sourcecode.c.objc; path = ViewController.m; sourceTree = "<group>"; };
		1E2DB7001DEFC64D0009137F /* Base */ = {isa = PBXFileReference; lastKnownFileType = file.storyboard; name = Base; path = Base.lproj/Main.storyboard; sourceTree = "<group>"; };
		1E2DB7021DEFC64D0009137F /* Assets.xcassets */ = {isa = PBXFileReference; lastKnownFileType = folder.assetcatalog; path = Assets.xcassets; sourceTree = "<group>"; };
		1E2DB7051DEFC64D0009137F /* Base */ = {isa = PBXFileReference; lastKnownFileType = file.storyboard; name = Base; path = Base.lproj/LaunchScreen.storyboard; sourceTree = "<group>"; };
		1E2DB7071DEFC64D0009137F /* Info.plist */ = {isa = PBXFileReference; lastKnownFileType = text.plist.xml; path = Info.plist; sourceTree = "<group>"; };
		1E2DB70D1DEFE7B90009137F /* SZWebViewController.h */ = {isa = PBXFileReference; fileEncoding = 4; lastKnownFileType = sourcecode.c.h; path = SZWebViewController.h; sourceTree = "<group>"; };
		1E2DB70E1DEFE7B90009137F /* SZWebViewController.m */ = {isa = PBXFileReference; fileEncoding = 4; lastKnownFileType = sourcecode.c.objc; path = SZWebViewController.m; sourceTree = "<group>"; };
		1EB103811E825DE300FC65B3 /* TestViewController.h */ = {isa = PBXFileReference; fileEncoding = 4; lastKnownFileType = sourcecode.c.h; path = TestViewController.h; sourceTree = "<group>"; };
		1EB103821E825DE300FC65B3 /* TestViewController.m */ = {isa = PBXFileReference; fileEncoding = 4; lastKnownFileType = sourcecode.c.objc; path = TestViewController.m; sourceTree = "<group>"; };
		1EB103841E82615900FC65B3 /* test.html */ = {isa = PBXFileReference; fileEncoding = 4; lastKnownFileType = text.html; path = test.html; sourceTree = "<group>"; };
		1EB15B5E1E84B6DE00A98FD6 /* jquery-3.2.0.min.js */ = {isa = PBXFileReference; fileEncoding = 4; lastKnownFileType = sourcecode.javascript; path = "jquery-3.2.0.min.js"; sourceTree = "<group>"; };
/* End PBXFileReference section */

/* Begin PBXFrameworksBuildPhase section */
		1E2DB6F01DEFC64D0009137F /* Frameworks */ = {
			isa = PBXFrameworksBuildPhase;
			buildActionMask = 2147483647;
			files = (
			);
			runOnlyForDeploymentPostprocessing = 0;
		};
/* End PBXFrameworksBuildPhase section */

/* Begin PBXGroup section */
		1E2DB6EA1DEFC64D0009137F = {
			isa = PBXGroup;
			children = (
				1E2DB6F51DEFC64D0009137F /* SZWebViewController */,
				1E2DB6F41DEFC64D0009137F /* Products */,
			);
			sourceTree = "<group>";
		};
		1E2DB6F41DEFC64D0009137F /* Products */ = {
			isa = PBXGroup;
			children = (
				1E2DB6F31DEFC64D0009137F /* SZWebViewController.app */,
			);
			name = Products;
			sourceTree = "<group>";
		};
		1E2DB6F51DEFC64D0009137F /* SZWebViewController */ = {
			isa = PBXGroup;
			children = (
				1E2DB6F91DEFC64D0009137F /* AppDelegate.h */,
				1E2DB6FA1DEFC64D0009137F /* AppDelegate.m */,
				1E2DB6FC1DEFC64D0009137F /* ViewController.h */,
				1E2DB6FD1DEFC64D0009137F /* ViewController.m */,
				1E2DB70D1DEFE7B90009137F /* SZWebViewController.h */,
				1E2DB70E1DEFE7B90009137F /* SZWebViewController.m */,
				1EB103811E825DE300FC65B3 /* TestViewController.h */,
				1EB103821E825DE300FC65B3 /* TestViewController.m */,
				1EB15B5E1E84B6DE00A98FD6 /* jquery-3.2.0.min.js */,
				1EB103841E82615900FC65B3 /* test.html */,
				1E2DB6FF1DEFC64D0009137F /* Main.storyboard */,
				1E2DB7021DEFC64D0009137F /* Assets.xcassets */,
				1E2DB7041DEFC64D0009137F /* LaunchScreen.storyboard */,
				1E2DB7071DEFC64D0009137F /* Info.plist */,
				1E2DB6F61DEFC64D0009137F /* Supporting Files */,
			);
			path = SZWebViewController;
			sourceTree = "<group>";
		};
		1E2DB6F61DEFC64D0009137F /* Supporting Files */ = {
			isa = PBXGroup;
			children = (
				1E2DB6F71DEFC64D0009137F /* main.m */,
			);
			name = "Supporting Files";
			sourceTree = "<group>";
		};
/* End PBXGroup section */

/* Begin PBXNativeTarget section */
		1E2DB6F21DEFC64D0009137F /* SZWebViewController */ = {
			isa = PBXNativeTarget;
			buildConfigurationList = 1E2DB70A1DEFC64D0009137F /* Build configuration list for PBXNativeTarget "SZWebViewController" */;
			buildPhases = (
				1E2DB6EF1DEFC64D0009137F /* Sources */,
				1E2DB6F01DEFC64D0009137F /* Frameworks */,
				1E2DB6F11DEFC64D0009137F /* Resources */,
			);
			buildRules = (
			);
			dependencies = (
			);
			name = SZWebViewController;
			productName = SZWebViewController;
			productReference = 1E2DB6F31DEFC64D0009137F /* SZWebViewController.app */;
			productType = "com.apple.product-type.application";
		};
/* End PBXNativeTarget section */

/* Begin PBXProject section */
		1E2DB6EB1DEFC64D0009137F /* Project object */ = {
			isa = PBXProject;
			attributes = {
				LastUpgradeCheck = 0810;
				ORGANIZATIONNAME = snailzzj;
				TargetAttributes = {
					1E2DB6F21DEFC64D0009137F = {
						CreatedOnToolsVersion = 8.1;
						DevelopmentTeam = 39W3X6588K;
						ProvisioningStyle = Automatic;
					};
				};
			};
			buildConfigurationList = 1E2DB6EE1DEFC64D0009137F /* Build configuration list for PBXProject "SZWebViewController" */;
			compatibilityVersion = "Xcode 3.2";
			developmentRegion = English;
			hasScannedForEncodings = 0;
			knownRegions = (
				en,
				Base,
			);
			mainGroup = 1E2DB6EA1DEFC64D0009137F;
			productRefGroup = 1E2DB6F41DEFC64D0009137F /* Products */;
			projectDirPath = "";
			projectRoot = "";
			targets = (
				1E2DB6F21DEFC64D0009137F /* SZWebViewController */,
			);
		};
/* End PBXProject section */

/* Begin PBXResourcesBuildPhase section */
		1E2DB6F11DEFC64D0009137F /* Resources */ = {
			isa = PBXResourcesBuildPhase;
			buildActionMask = 2147483647;
			files = (
				1EB15B5F1E84B6DE00A98FD6 /* jquery-3.2.0.min.js in Resources */,
				1EB103851E82615900FC65B3 /* test.html in Resources */,
				1E2DB7061DEFC64D0009137F /* LaunchScreen.storyboard in Resources */,
				1E2DB7031DEFC64D0009137F /* Assets.xcassets in Resources */,
				1E2DB7011DEFC64D0009137F /* Main.storyboard in Resources */,
			);
			runOnlyForDeploymentPostprocessing = 0;
		};
/* End PBXResourcesBuildPhase section */

/* Begin PBXSourcesBuildPhase section */
		1E2DB6EF1DEFC64D0009137F /* Sources */ = {
			isa = PBXSourcesBuildPhase;
			buildActionMask = 2147483647;
			files = (
				1E2DB6FE1DEFC64D0009137F /* ViewController.m in Sources */,
				1E2DB6FB1DEFC64D0009137F /* AppDelegate.m in Sources */,
				1E2DB70F1DEFE7B90009137F /* SZWebViewController.m in Sources */,
				1E2DB6F81DEFC64D0009137F /* main.m in Sources */,
				1EB103831E825DE300FC65B3 /* TestViewController.m in Sources */,
			);
			runOnlyForDeploymentPostprocessing = 0;
		};
/* End PBXSourcesBuildPhase section */

/* Begin PBXVariantGroup section */
		1E2DB6FF1DEFC64D0009137F /* Main.storyboard */ = {
			isa = PBXVariantGroup;
			children = (
				1E2DB7001DEFC64D0009137F /* Base */,
			);
			name = Main.storyboard;
			sourceTree = "<group>";
		};
		1E2DB7041DEFC64D0009137F /* LaunchScreen.storyboard */ = {
			isa = PBXVariantGroup;
			children = (
				1E2DB7051DEFC64D0009137F /* Base */,
			);
			name = LaunchScreen.storyboard;
			sourceTree = "<group>";
		};
/* End PBXVariantGroup section */

/* Begin XCBuildConfiguration section */
		1E2DB7081DEFC64D0009137F /* Debug */ = {
			isa = XCBuildConfiguration;
			buildSettings = {
				ALWAYS_SEARCH_USER_PATHS = NO;
				CLANG_ANALYZER_NONNULL = YES;
				CLANG_CXX_LANGUAGE_STANDARD = "gnu++0x";
				CLANG_CXX_LIBRARY = "libc++";
				CLANG_ENABLE_MODULES = YES;
				CLANG_ENABLE_OBJC_ARC = YES;
				CLANG_WARN_BOOL_CONVERSION = YES;
				CLANG_WARN_CONSTANT_CONVERSION = YES;
				CLANG_WARN_DIRECT_OBJC_ISA_USAGE = YES_ERROR;
				CLANG_WARN_DOCUMENTATION_COMMENTS = YES;
				CLANG_WARN_EMPTY_BODY = YES;
				CLANG_WARN_ENUM_CONVERSION = YES;
				CLANG_WARN_INFINITE_RECURSION = YES;
				CLANG_WARN_INT_CONVERSION = YES;
				CLANG_WARN_OBJC_ROOT_CLASS = YES_ERROR;
				CLANG_WARN_SUSPICIOUS_MOVES = YES;
				CLANG_WARN_UNREACHABLE_CODE = YES;
				CLANG_WARN__DUPLICATE_METHOD_MATCH = YES;
				"CODE_SIGN_IDENTITY[sdk=iphoneos*]" = "iPhone Developer";
				COPY_PHASE_STRIP = NO;
				DEBUG_INFORMATION_FORMAT = dwarf;
				ENABLE_STRICT_OBJC_MSGSEND = YES;
				ENABLE_TESTABILITY = YES;
				GCC_C_LANGUAGE_STANDARD = gnu99;
				GCC_DYNAMIC_NO_PIC = NO;
				GCC_NO_COMMON_BLOCKS = YES;
				GCC_OPTIMIZATION_LEVEL = 0;
				GCC_PREPROCESSOR_DEFINITIONS = (
					"DEBUG=1",
					"$(inherited)",
				);
				GCC_WARN_64_TO_32_BIT_CONVERSION = YES;
				GCC_WARN_ABOUT_RETURN_TYPE = YES_ERROR;
				GCC_WARN_UNDECLARED_SELECTOR = YES;
				GCC_WARN_UNINITIALIZED_AUTOS = YES_AGGRESSIVE;
				GCC_WARN_UNUSED_FUNCTION = YES;
				GCC_WARN_UNUSED_VARIABLE = YES;
				IPHONEOS_DEPLOYMENT_TARGET = 10.1;
				MTL_ENABLE_DEBUG_INFO = YES;
				ONLY_ACTIVE_ARCH = YES;
				SDKROOT = iphoneos;
				TARGETED_DEVICE_FAMILY = "1,2";
			};
			name = Debug;
		};
		1E2DB7091DEFC64D0009137F /* Release */ = {
			isa = XCBuildConfiguration;
			buildSettings = {
				ALWAYS_SEARCH_USER_PATHS = NO;
				CLANG_ANALYZER_NONNULL = YES;
				CLANG_CXX_LANGUAGE_STANDARD = "gnu++0x";
				CLANG_CXX_LIBRARY = "libc++";
				CLANG_ENABLE_MODULES = YES;
				CLANG_ENABLE_OBJC_ARC = YES;
				CLANG_WARN_BOOL_CONVERSION = YES;
				CLANG_WARN_CONSTANT_CONVERSION = YES;
				CLANG_WARN_DIRECT_OBJC_ISA_USAGE = YES_ERROR;
				CLANG_WARN_DOCUMENTATION_COMMENTS = YES;
				CLANG_WARN_EMPTY_BODY = YES;
				CLANG_WARN_ENUM_CONVERSION = YES;
				CLANG_WARN_INFINITE_RECURSION = YES;
				CLANG_WARN_INT_CONVERSION = YES;
				CLANG_WARN_OBJC_ROOT_CLASS = YES_ERROR;
				CLANG_WARN_SUSPICIOUS_MOVES = YES;
				CLANG_WARN_UNREACHABLE_CODE = YES;
				CLANG_WARN__DUPLICATE_METHOD_MATCH = YES;
				"CODE_SIGN_IDENTITY[sdk=iphoneos*]" = "iPhone Developer";
				COPY_PHASE_STRIP = NO;
				DEBUG_INFORMATION_FORMAT = "dwarf-with-dsym";
				ENABLE_NS_ASSERTIONS = NO;
				ENABLE_STRICT_OBJC_MSGSEND = YES;
				GCC_C_LANGUAGE_STANDARD = gnu99;
				GCC_NO_COMMON_BLOCKS = YES;
				GCC_WARN_64_TO_32_BIT_CONVERSION = YES;
				GCC_WARN_ABOUT_RETURN_TYPE = YES_ERROR;
				GCC_WARN_UNDECLARED_SELECTOR = YES;
				GCC_WARN_UNINITIALIZED_AUTOS = YES_AGGRESSIVE;
				GCC_WARN_UNUSED_FUNCTION = YES;
				GCC_WARN_UNUSED_VARIABLE = YES;
				IPHONEOS_DEPLOYMENT_TARGET = 10.1;
				MTL_ENABLE_DEBUG_INFO = NO;
				SDKROOT = iphoneos;
				TARGETED_DEVICE_FAMILY = "1,2";
				VALIDATE_PRODUCT = YES;
			};
			name = Release;
		};
		1E2DB70B1DEFC64D0009137F /* Debug */ = {
			isa = XCBuildConfiguration;
			buildSettings = {
				ASSETCATALOG_COMPILER_APPICON_NAME = AppIcon;
				"CODE_SIGN_IDENTITY[sdk=iphoneos*]" = "iPhone Developer";
				DEVELOPMENT_TEAM = 39W3X6588K;
				INFOPLIST_FILE = SZWebViewController/Info.plist;
				IPHONEOS_DEPLOYMENT_TARGET = 8.0;
				LD_RUNPATH_SEARCH_PATHS = "$(inherited) @executable_path/Frameworks";
				PRODUCT_BUNDLE_IDENTIFIER = com.snailzzj.SZWebViewController;
				PRODUCT_NAME = "$(TARGET_NAME)";
			};
			name = Debug;
		};
		1E2DB70C1DEFC64D0009137F /* Release */ = {
			isa = XCBuildConfiguration;
			buildSettings = {
				ASSETCATALOG_COMPILER_APPICON_NAME = AppIcon;
				"CODE_SIGN_IDENTITY[sdk=iphoneos*]" = "iPhone Developer";
				DEVELOPMENT_TEAM = 39W3X6588K;
				INFOPLIST_FILE = SZWebViewController/Info.plist;
				IPHONEOS_DEPLOYMENT_TARGET = 8.0;
				LD_RUNPATH_SEARCH_PATHS = "$(inherited) @executable_path/Frameworks";
				PRODUCT_BUNDLE_IDENTIFIER = com.snailzzj.SZWebViewController;
				PRODUCT_NAME = "$(TARGET_NAME)";
			};
			name = Release;
		};
/* End XCBuildConfiguration section */

/* Begin XCConfigurationList section */
		1E2DB6EE1DEFC64D0009137F /* Build configuration list for PBXProject "SZWebViewController" */ = {
			isa = XCConfigurationList;
			buildConfigurations = (
				1E2DB7081DEFC64D0009137F /* Debug */,
				1E2DB7091DEFC64D0009137F /* Release */,
			);
			defaultConfigurationIsVisible = 0;
			defaultConfigurationName = Release;
		};
		1E2DB70A1DEFC64D0009137F /* Build configuration list for PBXNativeTarget "SZWebViewController" */ = {
			isa = XCConfigurationList;
			buildConfigurations = (
				1E2DB70B1DEFC64D0009137F /* Debug */,
				1E2DB70C1DEFC64D0009137F /* Release */,
			);
			defaultConfigurationIsVisible = 0;
			defaultConfigurationName = Release;
		};
/* End XCConfigurationList section */
	};
	rootObject = 1E2DB6EB1DEFC64D0009137F /* Project object */;
}
